{
  "name": "yt_sponsership_skipper",
  "lockfileVersion": 3,
  "requires": true,
  "packages": {
    "": {
      "devDependencies": {
        "@types/chrome-remote-interface": "^0.31.14"
      }
    },
    "node_modules/@types/chrome-remote-interface": {
      "version": "0.31.14",
      "resolved": "https://registry.npmjs.org/@types/chrome-remote-interface/-/chrome-remote-interface-0.31.14.tgz",
      "integrity": "sha512-H9hTcLu1y+Ms6GDPXXeGhgxaOSD69yEo674vjJw5EeW1tTwYo8fEkf7A9nWlnO6ArJsS7c41iZeX6mRDQ1LhEw==",
      "dev": true,
      "license": "MIT",
      "dependencies": {
        "devtools-protocol": "0.0.927104"
      }
    },
    "node_modules/devtools-protocol": {
      "version": "0.0.927104",
      "resolved": "https://registry.npmjs.org/devtools-protocol/-/devtools-protocol-0.0.927104.tgz",
      "integrity": "sha512-5jfffjSuTOv0Lz53wTNNTcCUV8rv7d82AhYcapj28bC2B5tDxEZzVb7k51cNxZP2KHw24QE+sW7ZuSeD9NfMpA==",
      "dev": true,
      "license": "BSD-3-Clause"
    }
  }
}
